
Microsoft Visual Studio Solution File, Format Version 12.00
# Visual Studio Version 16
VisualStudioVersion = 16.0.28917.182
MinimumVisualStudioVersion = 10.0.40219.1
Project("{FAE04EC0-301F-11D3-BF4B-00C04F79EFBC}") = "BlazorTestTodo.Server", "BlazorTestTodo.Server\BlazorTestTodo.Server.csproj", "{55DE7343-84F8-450C-BE76-E1FED499B475}"
EndProject
Project("{FAE04EC0-301F-11D3-BF4B-00C04F79EFBC}") = "BlazorTestTodo.Client", "BlazorTestTodo.Client\BlazorTestTodo.Client.csproj", "{BC859902-85AD-4845-A0CF-21BA6ED42E38}"
EndProject
Project("{FAE04EC0-301F-11D3-BF4B-00C04F79EFBC}") = "BlazorTestTodo.Shared", "BlazorTestTodo.Shared\BlazorTestTodo.Shared.csproj", "{84E52628-A190-4EB1-B3EA-7D261CD4A43D}"
EndProject
Global
	GlobalSection(SolutionConfigurationPlatforms) = preSolution
		Debug|Any CPU = Debug|Any CPU
		Release|Any CPU = Release|Any CPU
	EndGlobalSection
	GlobalSection(ProjectConfigurationPlatforms) = postSolution
		{55DE7343-84F8-450C-BE76-E1FED499B475}.Debug|Any CPU.ActiveCfg = Debug|Any CPU
		{55DE7343-84F8-450C-BE76-E1FED499B475}.Debug|Any CPU.Build.0 = Debug|Any CPU
		{55DE7343-84F8-450C-BE76-E1FED499B475}.Release|Any CPU.ActiveCfg = Release|Any CPU
		{55DE7343-84F8-450C-BE76-E1FED499B475}.Release|Any CPU.Build.0 = Release|Any CPU
		{BC859902-85AD-4845-A0CF-21BA6ED42E38}.Debug|Any CPU.ActiveCfg = Debug|Any CPU
		{BC859902-85AD-4845-A0CF-21BA6ED42E38}.Debug|Any CPU.Build.0 = Debug|Any CPU
		{BC859902-85AD-4845-A0CF-21BA6ED42E38}.Release|Any CPU.ActiveCfg = Release|Any CPU
		{BC859902-85AD-4845-A0CF-21BA6ED42E38}.Release|Any CPU.Build.0 = Release|Any CPU
		{84E52628-A190-4EB1-B3EA-7D261CD4A43D}.Debug|Any CPU.ActiveCfg = Debug|Any CPU
		{84E52628-A190-4EB1-B3EA-7D261CD4A43D}.Debug|Any CPU.Build.0 = Debug|Any CPU
		{84E52628-A190-4EB1-B3EA-7D261CD4A43D}.Release|Any CPU.ActiveCfg = Release|Any CPU
		{84E52628-A190-4EB1-B3EA-7D261CD4A43D}.Release|Any CPU.Build.0 = Release|Any CPU
	EndGlobalSection
	GlobalSection(SolutionProperties) = preSolution
		HideSolutionNode = FALSE
	EndGlobalSection
	GlobalSection(ExtensibilityGlobals) = postSolution
		SolutionGuid = {2AE485CE-ED63-449F-B6C6-5C7057ED88E4}
	EndGlobalSection
EndGlobal
